
Microsoft Visual Studio Solution File, Format Version 12.00
Project("{FAE04EC0-301F-11D3-BF4B-00C04F79EFBC}") = "NumberMatchSolver", "NumberMatchSolver\NumberMatchSolver.csproj", "{9BFD97FB-83CB-417D-9DE0-8F57BF0974D7}"
EndProject
Project("{FAE04EC0-301F-11D3-BF4B-00C04F79EFBC}") = "NumberMatchSolver.Tests", "NumberMatchSolver.Tests\NumberMatchSolver.Tests.csproj", "{8E571920-0B8A-483D-A1C9-C4656C86779A}"
EndProject
Global
	GlobalSection(SolutionConfigurationPlatforms) = preSolution
		Debug|Any CPU = Debug|Any CPU
		Release|Any CPU = Release|Any CPU
	EndGlobalSection
	GlobalSection(ProjectConfigurationPlatforms) = postSolution
		{9BFD97FB-83CB-417D-9DE0-8F57BF0974D7}.Debug|Any CPU.ActiveCfg = Debug|Any CPU
		{9BFD97FB-83CB-417D-9DE0-8F57BF0974D7}.Debug|Any CPU.Build.0 = Debug|Any CPU
		{9BFD97FB-83CB-417D-9DE0-8F57BF0974D7}.Release|Any CPU.ActiveCfg = Release|Any CPU
		{9BFD97FB-83CB-417D-9DE0-8F57BF0974D7}.Release|Any CPU.Build.0 = Release|Any CPU
		{8E571920-0B8A-483D-A1C9-C4656C86779A}.Debug|Any CPU.ActiveCfg = Debug|Any CPU
		{8E571920-0B8A-483D-A1C9-C4656C86779A}.Debug|Any CPU.Build.0 = Debug|Any CPU
		{8E571920-0B8A-483D-A1C9-C4656C86779A}.Release|Any CPU.ActiveCfg = Release|Any CPU
		{8E571920-0B8A-483D-A1C9-C4656C86779A}.Release|Any CPU.Build.0 = Release|Any CPU
	EndGlobalSection
EndGlobal
